// !$*UTF8*$!
{
	archiveVersion = 1;
	classes = {
	};
	objectVersion = 56;
	objects = {

/* Begin PBXBuildFile section */
		4571E04B2A7A8D6E00D2C073 /* DiscoverTableViewController.swift in Sources */ = {isa = PBXBuildFile; fileRef = 4571E04A2A7A8D6E00D2C073 /* DiscoverTableViewController.swift */; };
		4571E04E2A7A923600D2C073 /* DiscoverTableViewCell.swift in Sources */ = {isa = PBXBuildFile; fileRef = 4571E04C2A7A923600D2C073 /* DiscoverTableViewCell.swift */; };
		4571E04F2A7A923600D2C073 /* DiscoverTableViewCell.xib in Resources */ = {isa = PBXBuildFile; fileRef = 4571E04D2A7A923600D2C073 /* DiscoverTableViewCell.xib */; };
		4571E0522A7AA4BD00D2C073 /* DiscoverTableCollectionViewCell.swift in Sources */ = {isa = PBXBuildFile; fileRef = 4571E0502A7AA4BD00D2C073 /* DiscoverTableCollectionViewCell.swift */; };
		4571E0532A7AA4BD00D2C073 /* DiscoverTableCollectionViewCell.xib in Resources */ = {isa = PBXBuildFile; fileRef = 4571E0512A7AA4BD00D2C073 /* DiscoverTableCollectionViewCell.xib */; };
		458DDA1C2A77991C008784A5 /* AppDelegate.swift in Sources */ = {isa = PBXBuildFile; fileRef = 458DDA1B2A77991C008784A5 /* AppDelegate.swift */; };
		458DDA1E2A77991C008784A5 /* SceneDelegate.swift in Sources */ = {isa = PBXBuildFile; fileRef = 458DDA1D2A77991C008784A5 /* SceneDelegate.swift */; };
		458DDA202A77991C008784A5 /* ViewController.swift in Sources */ = {isa = PBXBuildFile; fileRef = 458DDA1F2A77991C008784A5 /* ViewController.swift */; };
		458DDA232A77991C008784A5 /* Main.storyboard in Resources */ = {isa = PBXBuildFile; fileRef = 458DDA212A77991C008784A5 /* Main.storyboard */; };
		458DDA252A77991E008784A5 /* Assets.xcassets in Resources */ = {isa = PBXBuildFile; fileRef = 458DDA242A77991E008784A5 /* Assets.xcassets */; };
		458DDA282A77991E008784A5 /* LaunchScreen.storyboard in Resources */ = {isa = PBXBuildFile; fileRef = 458DDA262A77991E008784A5 /* LaunchScreen.storyboard */; };
		458DDA302A779994008784A5 /* MovieData.swift in Sources */ = {isa = PBXBuildFile; fileRef = 458DDA2F2A779994008784A5 /* MovieData.swift */; };
		458DDA322A7799BF008784A5 /* Movie.swift in Sources */ = {isa = PBXBuildFile; fileRef = 458DDA312A7799BF008784A5 /* Movie.swift */; };
		458DDA352A779A21008784A5 /* MovieCollectionViewCell.swift in Sources */ = {isa = PBXBuildFile; fileRef = 458DDA332A779A21008784A5 /* MovieCollectionViewCell.swift */; };
		458DDA362A779A21008784A5 /* MovieCollectionViewCell.xib in Resources */ = {isa = PBXBuildFile; fileRef = 458DDA342A779A21008784A5 /* MovieCollectionViewCell.xib */; };
		458DDA382A779ABE008784A5 /* MovieListCollectionViewController.swift in Sources */ = {isa = PBXBuildFile; fileRef = 458DDA372A779ABE008784A5 /* MovieListCollectionViewController.swift */; };
		458DDA3A2A77AEF5008784A5 /* SearchViewController.swift in Sources */ = {isa = PBXBuildFile; fileRef = 458DDA392A77AEF5008784A5 /* SearchViewController.swift */; };
		458DDA3C2A77AEFF008784A5 /* DetailViewController.swift in Sources */ = {isa = PBXBuildFile; fileRef = 458DDA3B2A77AEFF008784A5 /* DetailViewController.swift */; };
/* End PBXBuildFile section */

/* Begin PBXFileReference section */
		4571E04A2A7A8D6E00D2C073 /* DiscoverTableViewController.swift */ = {isa = PBXFileReference; lastKnownFileType = sourcecode.swift; path = DiscoverTableViewController.swift; sourceTree = "<group>"; };
		4571E04C2A7A923600D2C073 /* DiscoverTableViewCell.swift */ = {isa = PBXFileReference; lastKnownFileType = sourcecode.swift; path = DiscoverTableViewCell.swift; sourceTree = "<group>"; };
		4571E04D2A7A923600D2C073 /* DiscoverTableViewCell.xib */ = {isa = PBXFileReference; lastKnownFileType = file.xib; path = DiscoverTableViewCell.xib; sourceTree = "<group>"; };
		4571E0502A7AA4BD00D2C073 /* DiscoverTableCollectionViewCell.swift */ = {isa = PBXFileReference; lastKnownFileType = sourcecode.swift; path = DiscoverTableCollectionViewCell.swift; sourceTree = SOURCE_ROOT; };
		4571E0512A7AA4BD00D2C073 /* DiscoverTableCollectionViewCell.xib */ = {isa = PBXFileReference; lastKnownFileType = file.xib; path = DiscoverTableCollectionViewCell.xib; sourceTree = SOURCE_ROOT; };
		458DDA182A77991C008784A5 /* sesac-day10-bookworm.app */ = {isa = PBXFileReference; explicitFileType = wrapper.application; includeInIndex = 0; path = "sesac-day10-bookworm.app"; sourceTree = BUILT_PRODUCTS_DIR; };
		458DDA1B2A77991C008784A5 /* AppDelegate.swift */ = {isa = PBXFileReference; lastKnownFileType = sourcecode.swift; path = AppDelegate.swift; sourceTree = "<group>"; };
		458DDA1D2A77991C008784A5 /* SceneDelegate.swift */ = {isa = PBXFileReference; lastKnownFileType = sourcecode.swift; path = SceneDelegate.swift; sourceTree = "<group>"; };
		458DDA1F2A77991C008784A5 /* ViewController.swift */ = {isa = PBXFileReference; lastKnownFileType = sourcecode.swift; path = ViewController.swift; sourceTree = "<group>"; };
		458DDA222A77991C008784A5 /* Base */ = {isa = PBXFileReference; lastKnownFileType = file.storyboard; name = Base; path = Base.lproj/Main.storyboard; sourceTree = "<group>"; };
		458DDA242A77991E008784A5 /* Assets.xcassets */ = {isa = PBXFileReference; lastKnownFileType = folder.assetcatalog; path = Assets.xcassets; sourceTree = "<group>"; };
		458DDA272A77991E008784A5 /* Base */ = {isa = PBXFileReference; lastKnownFileType = file.storyboard; name = Base; path = Base.lproj/LaunchScreen.storyboard; sourceTree = "<group>"; };
		458DDA292A77991E008784A5 /* Info.plist */ = {isa = PBXFileReference; lastKnownFileType = text.plist.xml; path = Info.plist; sourceTree = "<group>"; };
		458DDA2F2A779994008784A5 /* MovieData.swift */ = {isa = PBXFileReference; lastKnownFileType = sourcecode.swift; path = MovieData.swift; sourceTree = "<group>"; };
		458DDA312A7799BF008784A5 /* Movie.swift */ = {isa = PBXFileReference; lastKnownFileType = sourcecode.swift; path = Movie.swift; sourceTree = "<group>"; };
		458DDA332A779A21008784A5 /* MovieCollectionViewCell.swift */ = {isa = PBXFileReference; lastKnownFileType = sourcecode.swift; path = MovieCollectionViewCell.swift; sourceTree = "<group>"; };
		458DDA342A779A21008784A5 /* MovieCollectionViewCell.xib */ = {isa = PBXFileReference; lastKnownFileType = file.xib; path = MovieCollectionViewCell.xib; sourceTree = "<group>"; };
		458DDA372A779ABE008784A5 /* MovieListCollectionViewController.swift */ = {isa = PBXFileReference; lastKnownFileType = sourcecode.swift; path = MovieListCollectionViewController.swift; sourceTree = "<group>"; };
		458DDA392A77AEF5008784A5 /* SearchViewController.swift */ = {isa = PBXFileReference; lastKnownFileType = sourcecode.swift; path = SearchViewController.swift; sourceTree = "<group>"; };
		458DDA3B2A77AEFF008784A5 /* DetailViewController.swift */ = {isa = PBXFileReference; lastKnownFileType = sourcecode.swift; path = DetailViewController.swift; sourceTree = "<group>"; };
/* End PBXFileReference section */

/* Begin PBXFrameworksBuildPhase section */
		458DDA152A77991C008784A5 /* Frameworks */ = {
			isa = PBXFrameworksBuildPhase;
			buildActionMask = 2147483647;
			files = (
			);
			runOnlyForDeploymentPostprocessing = 0;
		};
/* End PBXFrameworksBuildPhase section */

/* Begin PBXGroup section */
		458DDA0F2A77991C008784A5 = {
			isa = PBXGroup;
			children = (
				458DDA1A2A77991C008784A5 /* sesac-day10-bookwarm */,
				458DDA192A77991C008784A5 /* Products */,
			);
			sourceTree = "<group>";
		};
		458DDA192A77991C008784A5 /* Products */ = {
			isa = PBXGroup;
			children = (
				458DDA182A77991C008784A5 /* sesac-day10-bookworm.app */,
			);
			name = Products;
			sourceTree = "<group>";
		};
		458DDA1A2A77991C008784A5 /* sesac-day10-bookwarm */ = {
			isa = PBXGroup;
			children = (
				4571E0502A7AA4BD00D2C073 /* DiscoverTableCollectionViewCell.swift */,
				4571E0512A7AA4BD00D2C073 /* DiscoverTableCollectionViewCell.xib */,
				458DDA1B2A77991C008784A5 /* AppDelegate.swift */,
				458DDA1D2A77991C008784A5 /* SceneDelegate.swift */,
				458DDA1F2A77991C008784A5 /* ViewController.swift */,
				458DDA212A77991C008784A5 /* Main.storyboard */,
				458DDA392A77AEF5008784A5 /* SearchViewController.swift */,
				458DDA3B2A77AEFF008784A5 /* DetailViewController.swift */,
				458DDA372A779ABE008784A5 /* MovieListCollectionViewController.swift */,
				4571E04A2A7A8D6E00D2C073 /* DiscoverTableViewController.swift */,
				4571E04C2A7A923600D2C073 /* DiscoverTableViewCell.swift */,
				4571E04D2A7A923600D2C073 /* DiscoverTableViewCell.xib */,
				458DDA332A779A21008784A5 /* MovieCollectionViewCell.swift */,
				458DDA342A779A21008784A5 /* MovieCollectionViewCell.xib */,
				458DDA242A77991E008784A5 /* Assets.xcassets */,
				458DDA262A77991E008784A5 /* LaunchScreen.storyboard */,
				458DDA292A77991E008784A5 /* Info.plist */,
				458DDA2F2A779994008784A5 /* MovieData.swift */,
				458DDA312A7799BF008784A5 /* Movie.swift */,
			);
			path = "sesac-day10-bookwarm";
			sourceTree = "<group>";
		};
/* End PBXGroup section */

/* Begin PBXNativeTarget section */
		458DDA172A77991C008784A5 /* sesac-day10-bookworm */ = {
			isa = PBXNativeTarget;
			buildConfigurationList = 458DDA2C2A77991E008784A5 /* Build configuration list for PBXNativeTarget "sesac-day10-bookworm" */;
			buildPhases = (
				458DDA142A77991C008784A5 /* Sources */,
				458DDA152A77991C008784A5 /* Frameworks */,
				458DDA162A77991C008784A5 /* Resources */,
			);
			buildRules = (
			);
			dependencies = (
			);
			name = "sesac-day10-bookworm";
			productName = "sesac-day10-bookwarm";
			productReference = 458DDA182A77991C008784A5 /* sesac-day10-bookworm.app */;
			productType = "com.apple.product-type.application";
		};
/* End PBXNativeTarget section */

/* Begin PBXProject section */
		458DDA102A77991C008784A5 /* Project object */ = {
			isa = PBXProject;
			attributes = {
				BuildIndependentTargetsInParallel = 1;
				LastSwiftUpdateCheck = 1430;
				LastUpgradeCheck = 1430;
				TargetAttributes = {
					458DDA172A77991C008784A5 = {
						CreatedOnToolsVersion = 14.3.1;
					};
				};
			};
			buildConfigurationList = 458DDA132A77991C008784A5 /* Build configuration list for PBXProject "sesac-day10-bookworm" */;
			compatibilityVersion = "Xcode 14.0";
			developmentRegion = en;
			hasScannedForEncodings = 0;
			knownRegions = (
				en,
				Base,
			);
			mainGroup = 458DDA0F2A77991C008784A5;
			productRefGroup = 458DDA192A77991C008784A5 /* Products */;
			projectDirPath = "";
			projectRoot = "";
			targets = (
				458DDA172A77991C008784A5 /* sesac-day10-bookworm */,
			);
		};
/* End PBXProject section */

/* Begin PBXResourcesBuildPhase section */
		458DDA162A77991C008784A5 /* Resources */ = {
			isa = PBXResourcesBuildPhase;
			buildActionMask = 2147483647;
			files = (
				4571E0532A7AA4BD00D2C073 /* DiscoverTableCollectionViewCell.xib in Resources */,
				4571E04F2A7A923600D2C073 /* DiscoverTableViewCell.xib in Resources */,
				458DDA282A77991E008784A5 /* LaunchScreen.storyboard in Resources */,
				458DDA252A77991E008784A5 /* Assets.xcassets in Resources */,
				458DDA232A77991C008784A5 /* Main.storyboard in Resources */,
				458DDA362A779A21008784A5 /* MovieCollectionViewCell.xib in Resources */,
			);
			runOnlyForDeploymentPostprocessing = 0;
		};
/* End PBXResourcesBuildPhase section */

/* Begin PBXSourcesBuildPhase section */
		458DDA142A77991C008784A5 /* Sources */ = {
			isa = PBXSourcesBuildPhase;
			buildActionMask = 2147483647;
			files = (
				458DDA3C2A77AEFF008784A5 /* DetailViewController.swift in Sources */,
				458DDA202A77991C008784A5 /* ViewController.swift in Sources */,
				458DDA302A779994008784A5 /* MovieData.swift in Sources */,
				458DDA3A2A77AEF5008784A5 /* SearchViewController.swift in Sources */,
				458DDA1C2A77991C008784A5 /* AppDelegate.swift in Sources */,
				458DDA352A779A21008784A5 /* MovieCollectionViewCell.swift in Sources */,
				458DDA382A779ABE008784A5 /* MovieListCollectionViewController.swift in Sources */,
				4571E04E2A7A923600D2C073 /* DiscoverTableViewCell.swift in Sources */,
				458DDA1E2A77991C008784A5 /* SceneDelegate.swift in Sources */,
				4571E04B2A7A8D6E00D2C073 /* DiscoverTableViewController.swift in Sources */,
				4571E0522A7AA4BD00D2C073 /* DiscoverTableCollectionViewCell.swift in Sources */,
				458DDA322A7799BF008784A5 /* Movie.swift in Sources */,
			);
			runOnlyForDeploymentPostprocessing = 0;
		};
/* End PBXSourcesBuildPhase section */

/* Begin PBXVariantGroup section */
		458DDA212A77991C008784A5 /* Main.storyboard */ = {
			isa = PBXVariantGroup;
			children = (
				458DDA222A77991C008784A5 /* Base */,
			);
			name = Main.storyboard;
			sourceTree = "<group>";
		};
		458DDA262A77991E008784A5 /* LaunchScreen.storyboard */ = {
			isa = PBXVariantGroup;
			children = (
				458DDA272A77991E008784A5 /* Base */,
			);
			name = LaunchScreen.storyboard;
			sourceTree = "<group>";
		};
/* End PBXVariantGroup section */

/* Begin XCBuildConfiguration section */
		458DDA2A2A77991E008784A5 /* Debug */ = {
			isa = XCBuildConfiguration;
			buildSettings = {
				ALWAYS_SEARCH_USER_PATHS = NO;
				CLANG_ANALYZER_NONNULL = YES;
				CLANG_ANALYZER_NUMBER_OBJECT_CONVERSION = YES_AGGRESSIVE;
				CLANG_CXX_LANGUAGE_STANDARD = "gnu++20";
				CLANG_ENABLE_MODULES = YES;
				CLANG_ENABLE_OBJC_ARC = YES;
				CLANG_ENABLE_OBJC_WEAK = YES;
				CLANG_WARN_BLOCK_CAPTURE_AUTORELEASING = YES;
				CLANG_WARN_BOOL_CONVERSION = YES;
				CLANG_WARN_COMMA = YES;
				CLANG_WARN_CONSTANT_CONVERSION = YES;
				CLANG_WARN_DEPRECATED_OBJC_IMPLEMENTATIONS = YES;
				CLANG_WARN_DIRECT_OBJC_ISA_USAGE = YES_ERROR;
				CLANG_WARN_DOCUMENTATION_COMMENTS = YES;
				CLANG_WARN_EMPTY_BODY = YES;
				CLANG_WARN_ENUM_CONVERSION = YES;
				CLANG_WARN_INFINITE_RECURSION = YES;
				CLANG_WARN_INT_CONVERSION = YES;
				CLANG_WARN_NON_LITERAL_NULL_CONVERSION = YES;
				CLANG_WARN_OBJC_IMPLICIT_RETAIN_SELF = YES;
				CLANG_WARN_OBJC_LITERAL_CONVERSION = YES;
				CLANG_WARN_OBJC_ROOT_CLASS = YES_ERROR;
				CLANG_WARN_QUOTED_INCLUDE_IN_FRAMEWORK_HEADER = YES;
				CLANG_WARN_RANGE_LOOP_ANALYSIS = YES;
				CLANG_WARN_STRICT_PROTOTYPES = YES;
				CLANG_WARN_SUSPICIOUS_MOVE = YES;
				CLANG_WARN_UNGUARDED_AVAILABILITY = YES_AGGRESSIVE;
				CLANG_WARN_UNREACHABLE_CODE = YES;
				CLANG_WARN__DUPLICATE_METHOD_MATCH = YES;
				COPY_PHASE_STRIP = NO;
				DEBUG_INFORMATION_FORMAT = dwarf;
				ENABLE_STRICT_OBJC_MSGSEND = YES;
				ENABLE_TESTABILITY = YES;
				GCC_C_LANGUAGE_STANDARD = gnu11;
				GCC_DYNAMIC_NO_PIC = NO;
				GCC_NO_COMMON_BLOCKS = YES;
				GCC_OPTIMIZATION_LEVEL = 0;
				GCC_PREPROCESSOR_DEFINITIONS = (
					"DEBUG=1",
					"$(inherited)",
				);
				GCC_WARN_64_TO_32_BIT_CONVERSION = YES;
				GCC_WARN_ABOUT_RETURN_TYPE = YES_ERROR;
				GCC_WARN_UNDECLARED_SELECTOR = YES;
				GCC_WARN_UNINITIALIZED_AUTOS = YES_AGGRESSIVE;
				GCC_WARN_UNUSED_FUNCTION = YES;
				GCC_WARN_UNUSED_VARIABLE = YES;
				IPHONEOS_DEPLOYMENT_TARGET = 16.4;
				MTL_ENABLE_DEBUG_INFO = INCLUDE_SOURCE;
				MTL_FAST_MATH = YES;
				ONLY_ACTIVE_ARCH = YES;
				SDKROOT = iphoneos;
				SWIFT_ACTIVE_COMPILATION_CONDITIONS = DEBUG;
				SWIFT_OPTIMIZATION_LEVEL = "-Onone";
			};
			name = Debug;
		};
		458DDA2B2A77991E008784A5 /* Release */ = {
			isa = XCBuildConfiguration;
			buildSettings = {
				ALWAYS_SEARCH_USER_PATHS = NO;
				CLANG_ANALYZER_NONNULL = YES;
				CLANG_ANALYZER_NUMBER_OBJECT_CONVERSION = YES_AGGRESSIVE;
				CLANG_CXX_LANGUAGE_STANDARD = "gnu++20";
				CLANG_ENABLE_MODULES = YES;
				CLANG_ENABLE_OBJC_ARC = YES;
				CLANG_ENABLE_OBJC_WEAK = YES;
				CLANG_WARN_BLOCK_CAPTURE_AUTORELEASING = YES;
				CLANG_WARN_BOOL_CONVERSION = YES;
				CLANG_WARN_COMMA = YES;
				CLANG_WARN_CONSTANT_CONVERSION = YES;
				CLANG_WARN_DEPRECATED_OBJC_IMPLEMENTATIONS = YES;
				CLANG_WARN_DIRECT_OBJC_ISA_USAGE = YES_ERROR;
				CLANG_WARN_DOCUMENTATION_COMMENTS = YES;
				CLANG_WARN_EMPTY_BODY = YES;
				CLANG_WARN_ENUM_CONVERSION = YES;
				CLANG_WARN_INFINITE_RECURSION = YES;
				CLANG_WARN_INT_CONVERSION = YES;
				CLANG_WARN_NON_LITERAL_NULL_CONVERSION = YES;
				CLANG_WARN_OBJC_IMPLICIT_RETAIN_SELF = YES;
				CLANG_WARN_OBJC_LITERAL_CONVERSION = YES;
				CLANG_WARN_OBJC_ROOT_CLASS = YES_ERROR;
				CLANG_WARN_QUOTED_INCLUDE_IN_FRAMEWORK_HEADER = YES;
				CLANG_WARN_RANGE_LOOP_ANALYSIS = YES;
				CLANG_WARN_STRICT_PROTOTYPES = YES;
				CLANG_WARN_SUSPICIOUS_MOVE = YES;
				CLANG_WARN_UNGUARDED_AVAILABILITY = YES_AGGRESSIVE;
				CLANG_WARN_UNREACHABLE_CODE = YES;
				CLANG_WARN__DUPLICATE_METHOD_MATCH = YES;
				COPY_PHASE_STRIP = NO;
				DEBUG_INFORMATION_FORMAT = "dwarf-with-dsym";
				ENABLE_NS_ASSERTIONS = NO;
				ENABLE_STRICT_OBJC_MSGSEND = YES;
				GCC_C_LANGUAGE_STANDARD = gnu11;
				GCC_NO_COMMON_BLOCKS = YES;
				GCC_WARN_64_TO_32_BIT_CONVERSION = YES;
				GCC_WARN_ABOUT_RETURN_TYPE = YES_ERROR;
				GCC_WARN_UNDECLARED_SELECTOR = YES;
				GCC_WARN_UNINITIALIZED_AUTOS = YES_AGGRESSIVE;
				GCC_WARN_UNUSED_FUNCTION = YES;
				GCC_WARN_UNUSED_VARIABLE = YES;
				IPHONEOS_DEPLOYMENT_TARGET = 16.4;
				MTL_ENABLE_DEBUG_INFO = NO;
				MTL_FAST_MATH = YES;
				SDKROOT = iphoneos;
				SWIFT_COMPILATION_MODE = wholemodule;
				SWIFT_OPTIMIZATION_LEVEL = "-O";
				VALIDATE_PRODUCT = YES;
			};
			name = Release;
		};
		458DDA2D2A77991E008784A5 /* Debug */ = {
			isa = XCBuildConfiguration;
			buildSettings = {
				ASSETCATALOG_COMPILER_APPICON_NAME = AppIcon;
				ASSETCATALOG_COMPILER_GLOBAL_ACCENT_COLOR_NAME = AccentColor;
				CODE_SIGN_STYLE = Automatic;
				CURRENT_PROJECT_VERSION = 1;
				DEVELOPMENT_TEAM = "";
				GENERATE_INFOPLIST_FILE = YES;
				INFOPLIST_FILE = "sesac-day10-bookwarm/Info.plist";
				INFOPLIST_KEY_UIApplicationSupportsIndirectInputEvents = YES;
				INFOPLIST_KEY_UILaunchStoryboardName = LaunchScreen;
				INFOPLIST_KEY_UIMainStoryboardFile = Main;
				INFOPLIST_KEY_UISupportedInterfaceOrientations_iPad = "UIInterfaceOrientationPortrait UIInterfaceOrientationPortraitUpsideDown UIInterfaceOrientationLandscapeLeft UIInterfaceOrientationLandscapeRight";
				INFOPLIST_KEY_UISupportedInterfaceOrientations_iPhone = "UIInterfaceOrientationPortrait UIInterfaceOrientationLandscapeLeft UIInterfaceOrientationLandscapeRight";
				LD_RUNPATH_SEARCH_PATHS = (
					"$(inherited)",
					"@executable_path/Frameworks",
				);
				MARKETING_VERSION = 1.0;
				PRODUCT_BUNDLE_IDENTIFIER = "dev.gyeoul.sesac-day10-bookworm";
				PRODUCT_NAME = "$(TARGET_NAME)";
				SUPPORTED_PLATFORMS = "iphoneos iphonesimulator";
				SUPPORTS_MACCATALYST = NO;
				SUPPORTS_MAC_DESIGNED_FOR_IPHONE_IPAD = NO;
				SWIFT_EMIT_LOC_STRINGS = YES;
				SWIFT_VERSION = 5.0;
				TARGETED_DEVICE_FAMILY = 1;
			};
			name = Debug;
		};
		458DDA2E2A77991E008784A5 /* Release */ = {
			isa = XCBuildConfiguration;
			buildSettings = {
				ASSETCATALOG_COMPILER_APPICON_NAME = AppIcon;
				ASSETCATALOG_COMPILER_GLOBAL_ACCENT_COLOR_NAME = AccentColor;
				CODE_SIGN_STYLE = Automatic;
				CURRENT_PROJECT_VERSION = 1;
				DEVELOPMENT_TEAM = "";
				GENERATE_INFOPLIST_FILE = YES;
				INFOPLIST_FILE = "sesac-day10-bookwarm/Info.plist";
				INFOPLIST_KEY_UIApplicationSupportsIndirectInputEvents = YES;
				INFOPLIST_KEY_UILaunchStoryboardName = LaunchScreen;
				INFOPLIST_KEY_UIMainStoryboardFile = Main;
				INFOPLIST_KEY_UISupportedInterfaceOrientations_iPad = "UIInterfaceOrientationPortrait UIInterfaceOrientationPortraitUpsideDown UIInterfaceOrientationLandscapeLeft UIInterfaceOrientationLandscapeRight";
				INFOPLIST_KEY_UISupportedInterfaceOrientations_iPhone = "UIInterfaceOrientationPortrait UIInterfaceOrientationLandscapeLeft UIInterfaceOrientationLandscapeRight";
				LD_RUNPATH_SEARCH_PATHS = (
					"$(inherited)",
					"@executable_path/Frameworks",
				);
				MARKETING_VERSION = 1.0;
				PRODUCT_BUNDLE_IDENTIFIER = "dev.gyeoul.sesac-day10-bookworm";
				PRODUCT_NAME = "$(TARGET_NAME)";
				SUPPORTED_PLATFORMS = "iphoneos iphonesimulator";
				SUPPORTS_MACCATALYST = NO;
				SUPPORTS_MAC_DESIGNED_FOR_IPHONE_IPAD = NO;
				SWIFT_EMIT_LOC_STRINGS = YES;
				SWIFT_VERSION = 5.0;
				TARGETED_DEVICE_FAMILY = 1;
			};
			name = Release;
		};
/* End XCBuildConfiguration section */

/* Begin XCConfigurationList section */
		458DDA132A77991C008784A5 /* Build configuration list for PBXProject "sesac-day10-bookworm" */ = {
			isa = XCConfigurationList;
			buildConfigurations = (
				458DDA2A2A77991E008784A5 /* Debug */,
				458DDA2B2A77991E008784A5 /* Release */,
			);
			defaultConfigurationIsVisible = 0;
			defaultConfigurationName = Release;
		};
		458DDA2C2A77991E008784A5 /* Build configuration list for PBXNativeTarget "sesac-day10-bookworm" */ = {
			isa = XCConfigurationList;
			buildConfigurations = (
				458DDA2D2A77991E008784A5 /* Debug */,
				458DDA2E2A77991E008784A5 /* Release */,
			);
			defaultConfigurationIsVisible = 0;
			defaultConfigurationName = Release;
		};
/* End XCConfigurationList section */
	};
	rootObject = 458DDA102A77991C008784A5 /* Project object */;
}
